// !$*UTF8*$!
{
	archiveVersion = 1;
	classes = {
	};
	objectVersion = 50;
	objects = {

/* Begin PBXBuildFile section */
		4C00E12D26B91015000D35B5 /* BleBrowseView.swift in Sources */ = {isa = PBXBuildFile; fileRef = 4C00E12C26B91015000D35B5 /* BleBrowseView.swift */; };
		4C24BE3526B5D6DF00F5B606 /* StateTimerView.swift in Sources */ = {isa = PBXBuildFile; fileRef = 4C24BE3426B5D6DF00F5B606 /* StateTimerView.swift */; };
		4C2CB88A26AE225F00C1F366 /* BleConnectView.swift in Sources */ = {isa = PBXBuildFile; fileRef = 4C2CB88926AE225F00C1F366 /* BleConnectView.swift */; };
		4C32C1F526A617B300FC2FA3 /* DashBoardView.swift in Sources */ = {isa = PBXBuildFile; fileRef = 4C32C1F426A617B300FC2FA3 /* DashBoardView.swift */; };
		4C32C1F726A6187300FC2FA3 /* DashContentView.swift in Sources */ = {isa = PBXBuildFile; fileRef = 4C32C1F626A6187300FC2FA3 /* DashContentView.swift */; };
		4C5505CB26A92A5200C35046 /* BleBeaconContentView.swift in Sources */ = {isa = PBXBuildFile; fileRef = 4C5505CA26A92A5200C35046 /* BleBeaconContentView.swift */; };
		4C56A29526B74DAA00CEE557 /* TwoWayStateView.swift in Sources */ = {isa = PBXBuildFile; fileRef = 4C56A29426B74DAA00CEE557 /* TwoWayStateView.swift */; };
		4C76CA0526BA01710069FF50 /* BleBrowseManager.swift in Sources */ = {isa = PBXBuildFile; fileRef = 4C76CA0426BA01710069FF50 /* BleBrowseManager.swift */; };
		4CB6DEB726CC55DC0079815E /* FontUtilView.swift in Sources */ = {isa = PBXBuildFile; fileRef = 4CB6DEB626CC55DC0079815E /* FontUtilView.swift */; };
		4CC61F2E269119B40088B6F5 /* MemorizeApp.swift in Sources */ = {isa = PBXBuildFile; fileRef = 4CC61F2D269119B40088B6F5 /* MemorizeApp.swift */; };
		4CC61F30269119B40088B6F5 /* ContentView.swift in Sources */ = {isa = PBXBuildFile; fileRef = 4CC61F2F269119B40088B6F5 /* ContentView.swift */; };
		4CC61F32269119B50088B6F5 /* Assets.xcassets in Resources */ = {isa = PBXBuildFile; fileRef = 4CC61F31269119B50088B6F5 /* Assets.xcassets */; };
		4CC61F35269119B50088B6F5 /* Preview Assets.xcassets in Resources */ = {isa = PBXBuildFile; fileRef = 4CC61F34269119B50088B6F5 /* Preview Assets.xcassets */; };
		4CECE4BF26CF62E300ADF97C /* Decks.swift in Sources */ = {isa = PBXBuildFile; fileRef = 4CECE4BE26CF62E300ADF97C /* Decks.swift */; };
/* End PBXBuildFile section */

/* Begin PBXFileReference section */
		4C00E12C26B91015000D35B5 /* BleBrowseView.swift */ = {isa = PBXFileReference; lastKnownFileType = sourcecode.swift; path = BleBrowseView.swift; sourceTree = "<group>"; };
		4C24BE3426B5D6DF00F5B606 /* StateTimerView.swift */ = {isa = PBXFileReference; lastKnownFileType = sourcecode.swift; path = StateTimerView.swift; sourceTree = "<group>"; };
		4C2CB88926AE225F00C1F366 /* BleConnectView.swift */ = {isa = PBXFileReference; lastKnownFileType = sourcecode.swift; path = BleConnectView.swift; sourceTree = "<group>"; };
		4C32C1F426A617B300FC2FA3 /* DashBoardView.swift */ = {isa = PBXFileReference; lastKnownFileType = sourcecode.swift; path = DashBoardView.swift; sourceTree = "<group>"; };
		4C32C1F626A6187300FC2FA3 /* DashContentView.swift */ = {isa = PBXFileReference; lastKnownFileType = sourcecode.swift; path = DashContentView.swift; sourceTree = "<group>"; };
		4C5505CA26A92A5200C35046 /* BleBeaconContentView.swift */ = {isa = PBXFileReference; lastKnownFileType = sourcecode.swift; path = BleBeaconContentView.swift; sourceTree = "<group>"; };
		4C56A29426B74DAA00CEE557 /* TwoWayStateView.swift */ = {isa = PBXFileReference; lastKnownFileType = sourcecode.swift; path = TwoWayStateView.swift; sourceTree = "<group>"; };
		4C76CA0426BA01710069FF50 /* BleBrowseManager.swift */ = {isa = PBXFileReference; lastKnownFileType = sourcecode.swift; path = BleBrowseManager.swift; sourceTree = "<group>"; };
		4CB6DEB626CC55DC0079815E /* FontUtilView.swift */ = {isa = PBXFileReference; lastKnownFileType = sourcecode.swift; path = FontUtilView.swift; sourceTree = "<group>"; };
		4CC61F2A269119B40088B6F5 /* Memorize.app */ = {isa = PBXFileReference; explicitFileType = wrapper.application; includeInIndex = 0; path = Memorize.app; sourceTree = BUILT_PRODUCTS_DIR; };
		4CC61F2D269119B40088B6F5 /* MemorizeApp.swift */ = {isa = PBXFileReference; lastKnownFileType = sourcecode.swift; path = MemorizeApp.swift; sourceTree = "<group>"; };
		4CC61F2F269119B40088B6F5 /* ContentView.swift */ = {isa = PBXFileReference; lastKnownFileType = sourcecode.swift; path = ContentView.swift; sourceTree = "<group>"; };
		4CC61F31269119B50088B6F5 /* Assets.xcassets */ = {isa = PBXFileReference; lastKnownFileType = folder.assetcatalog; path = Assets.xcassets; sourceTree = "<group>"; };
		4CC61F34269119B50088B6F5 /* Preview Assets.xcassets */ = {isa = PBXFileReference; lastKnownFileType = folder.assetcatalog; path = "Preview Assets.xcassets"; sourceTree = "<group>"; };
		4CC61F36269119B50088B6F5 /* Info.plist */ = {isa = PBXFileReference; lastKnownFileType = text.plist.xml; path = Info.plist; sourceTree = "<group>"; };
		4CECE4BE26CF62E300ADF97C /* Decks.swift */ = {isa = PBXFileReference; lastKnownFileType = sourcecode.swift; path = Decks.swift; sourceTree = "<group>"; };
/* End PBXFileReference section */

/* Begin PBXFrameworksBuildPhase section */
		4CC61F27269119B40088B6F5 /* Frameworks */ = {
			isa = PBXFrameworksBuildPhase;
			buildActionMask = 2147483647;
			files = (
			);
			runOnlyForDeploymentPostprocessing = 0;
		};
/* End PBXFrameworksBuildPhase section */

/* Begin PBXGroup section */
		4CC61F21269119B40088B6F5 = {
			isa = PBXGroup;
			children = (
				4CC61F2C269119B40088B6F5 /* Memorize */,
				4CC61F2B269119B40088B6F5 /* Products */,
			);
			sourceTree = "<group>";
		};
		4CC61F2B269119B40088B6F5 /* Products */ = {
			isa = PBXGroup;
			children = (
				4CC61F2A269119B40088B6F5 /* Memorize.app */,
			);
			name = Products;
			sourceTree = "<group>";
		};
		4CC61F2C269119B40088B6F5 /* Memorize */ = {
			isa = PBXGroup;
			children = (
				4CC61F2D269119B40088B6F5 /* MemorizeApp.swift */,
				4CC61F2F269119B40088B6F5 /* ContentView.swift */,
				4CECE4BE26CF62E300ADF97C /* Decks.swift */,
				4CC61F31269119B50088B6F5 /* Assets.xcassets */,
				4CC61F36269119B50088B6F5 /* Info.plist */,
				4CC61F33269119B50088B6F5 /* Preview Content */,
				4C32C1F426A617B300FC2FA3 /* DashBoardView.swift */,
				4C32C1F626A6187300FC2FA3 /* DashContentView.swift */,
				4C5505CA26A92A5200C35046 /* BleBeaconContentView.swift */,
				4C2CB88926AE225F00C1F366 /* BleConnectView.swift */,
				4C24BE3426B5D6DF00F5B606 /* StateTimerView.swift */,
				4C56A29426B74DAA00CEE557 /* TwoWayStateView.swift */,
				4C00E12C26B91015000D35B5 /* BleBrowseView.swift */,
				4C76CA0426BA01710069FF50 /* BleBrowseManager.swift */,
				4CB6DEB626CC55DC0079815E /* FontUtilView.swift */,
			);
			path = Memorize;
			sourceTree = "<group>";
		};
		4CC61F33269119B50088B6F5 /* Preview Content */ = {
			isa = PBXGroup;
			children = (
				4CC61F34269119B50088B6F5 /* Preview Assets.xcassets */,
			);
			path = "Preview Content";
			sourceTree = "<group>";
		};
/* End PBXGroup section */

/* Begin PBXNativeTarget section */
		4CC61F29269119B40088B6F5 /* Memorize */ = {
			isa = PBXNativeTarget;
			buildConfigurationList = 4CC61F39269119B50088B6F5 /* Build configuration list for PBXNativeTarget "Memorize" */;
			buildPhases = (
				4CC61F26269119B40088B6F5 /* Sources */,
				4CC61F27269119B40088B6F5 /* Frameworks */,
				4CC61F28269119B40088B6F5 /* Resources */,
			);
			buildRules = (
			);
			dependencies = (
			);
			name = Memorize;
			productName = Memorize;
			productReference = 4CC61F2A269119B40088B6F5 /* Memorize.app */;
			productType = "com.apple.product-type.application";
		};
/* End PBXNativeTarget section */

/* Begin PBXProject section */
		4CC61F22269119B40088B6F5 /* Project object */ = {
			isa = PBXProject;
			attributes = {
				LastSwiftUpdateCheck = 1250;
				LastUpgradeCheck = 1250;
				TargetAttributes = {
					4CC61F29269119B40088B6F5 = {
						CreatedOnToolsVersion = 12.5.1;
					};
				};
			};
			buildConfigurationList = 4CC61F25269119B40088B6F5 /* Build configuration list for PBXProject "Memorize" */;
			compatibilityVersion = "Xcode 9.3";
			developmentRegion = en;
			hasScannedForEncodings = 0;
			knownRegions = (
				en,
				Base,
			);
			mainGroup = 4CC61F21269119B40088B6F5;
			productRefGroup = 4CC61F2B269119B40088B6F5 /* Products */;
			projectDirPath = "";
			projectRoot = "";
			targets = (
				4CC61F29269119B40088B6F5 /* Memorize */,
			);
		};
/* End PBXProject section */

/* Begin PBXResourcesBuildPhase section */
		4CC61F28269119B40088B6F5 /* Resources */ = {
			isa = PBXResourcesBuildPhase;
			buildActionMask = 2147483647;
			files = (
				4CC61F35269119B50088B6F5 /* Preview Assets.xcassets in Resources */,
				4CC61F32269119B50088B6F5 /* Assets.xcassets in Resources */,
			);
			runOnlyForDeploymentPostprocessing = 0;
		};
/* End PBXResourcesBuildPhase section */

/* Begin PBXSourcesBuildPhase section */
		4CC61F26269119B40088B6F5 /* Sources */ = {
			isa = PBXSourcesBuildPhase;
			buildActionMask = 2147483647;
			files = (
				4C32C1F526A617B300FC2FA3 /* DashBoardView.swift in Sources */,
				4C76CA0526BA01710069FF50 /* BleBrowseManager.swift in Sources */,
				4CB6DEB726CC55DC0079815E /* FontUtilView.swift in Sources */,
				4C2CB88A26AE225F00C1F366 /* BleConnectView.swift in Sources */,
				4C5505CB26A92A5200C35046 /* BleBeaconContentView.swift in Sources */,
				4CC61F30269119B40088B6F5 /* ContentView.swift in Sources */,
				4C32C1F726A6187300FC2FA3 /* DashContentView.swift in Sources */,
				4CC61F2E269119B40088B6F5 /* MemorizeApp.swift in Sources */,
				4CECE4BF26CF62E300ADF97C /* Decks.swift in Sources */,
				4C00E12D26B91015000D35B5 /* BleBrowseView.swift in Sources */,
				4C24BE3526B5D6DF00F5B606 /* StateTimerView.swift in Sources */,
				4C56A29526B74DAA00CEE557 /* TwoWayStateView.swift in Sources */,
			);
			runOnlyForDeploymentPostprocessing = 0;
		};
/* End PBXSourcesBuildPhase section */

/* Begin XCBuildConfiguration section */
		4CC61F37269119B50088B6F5 /* Debug */ = {
			isa = XCBuildConfiguration;
			buildSettings = {
				ALWAYS_SEARCH_USER_PATHS = NO;
				CLANG_ANALYZER_NONNULL = YES;
				CLANG_ANALYZER_NUMBER_OBJECT_CONVERSION = YES_AGGRESSIVE;
				CLANG_CXX_LANGUAGE_STANDARD = "gnu++14";
				CLANG_CXX_LIBRARY = "libc++";
				CLANG_ENABLE_MODULES = YES;
				CLANG_ENABLE_OBJC_ARC = YES;
				CLANG_ENABLE_OBJC_WEAK = YES;
				CLANG_WARN_BLOCK_CAPTURE_AUTORELEASING = YES;
				CLANG_WARN_BOOL_CONVERSION = YES;
				CLANG_WARN_COMMA = YES;
				CLANG_WARN_CONSTANT_CONVERSION = YES;
				CLANG_WARN_DEPRECATED_OBJC_IMPLEMENTATIONS = YES;
				CLANG_WARN_DIRECT_OBJC_ISA_USAGE = YES_ERROR;
				CLANG_WARN_DOCUMENTATION_COMMENTS = YES;
				CLANG_WARN_EMPTY_BODY = YES;
				CLANG_WARN_ENUM_CONVERSION = YES;
				CLANG_WARN_INFINITE_RECURSION = YES;
				CLANG_WARN_INT_CONVERSION = YES;
				CLANG_WARN_NON_LITERAL_NULL_CONVERSION = YES;
				CLANG_WARN_OBJC_IMPLICIT_RETAIN_SELF = YES;
				CLANG_WARN_OBJC_LITERAL_CONVERSION = YES;
				CLANG_WARN_OBJC_ROOT_CLASS = YES_ERROR;
				CLANG_WARN_QUOTED_INCLUDE_IN_FRAMEWORK_HEADER = YES;
				CLANG_WARN_RANGE_LOOP_ANALYSIS = YES;
				CLANG_WARN_STRICT_PROTOTYPES = YES;
				CLANG_WARN_SUSPICIOUS_MOVE = YES;
				CLANG_WARN_UNGUARDED_AVAILABILITY = YES_AGGRESSIVE;
				CLANG_WARN_UNREACHABLE_CODE = YES;
				CLANG_WARN__DUPLICATE_METHOD_MATCH = YES;
				COPY_PHASE_STRIP = NO;
				DEBUG_INFORMATION_FORMAT = dwarf;
				ENABLE_STRICT_OBJC_MSGSEND = YES;
				ENABLE_TESTABILITY = YES;
				GCC_C_LANGUAGE_STANDARD = gnu11;
				GCC_DYNAMIC_NO_PIC = NO;
				GCC_NO_COMMON_BLOCKS = YES;
				GCC_OPTIMIZATION_LEVEL = 0;
				GCC_PREPROCESSOR_DEFINITIONS = (
					"DEBUG=1",
					"$(inherited)",
				);
				GCC_WARN_64_TO_32_BIT_CONVERSION = YES;
				GCC_WARN_ABOUT_RETURN_TYPE = YES_ERROR;
				GCC_WARN_UNDECLARED_SELECTOR = YES;
				GCC_WARN_UNINITIALIZED_AUTOS = YES_AGGRESSIVE;
				GCC_WARN_UNUSED_FUNCTION = YES;
				GCC_WARN_UNUSED_VARIABLE = YES;
				IPHONEOS_DEPLOYMENT_TARGET = 14.5;
				MTL_ENABLE_DEBUG_INFO = INCLUDE_SOURCE;
				MTL_FAST_MATH = YES;
				ONLY_ACTIVE_ARCH = YES;
				SDKROOT = iphoneos;
				SWIFT_ACTIVE_COMPILATION_CONDITIONS = DEBUG;
				SWIFT_OPTIMIZATION_LEVEL = "-Onone";
			};
			name = Debug;
		};
		4CC61F38269119B50088B6F5 /* Release */ = {
			isa = XCBuildConfiguration;
			buildSettings = {
				ALWAYS_SEARCH_USER_PATHS = NO;
				CLANG_ANALYZER_NONNULL = YES;
				CLANG_ANALYZER_NUMBER_OBJECT_CONVERSION = YES_AGGRESSIVE;
				CLANG_CXX_LANGUAGE_STANDARD = "gnu++14";
				CLANG_CXX_LIBRARY = "libc++";
				CLANG_ENABLE_MODULES = YES;
				CLANG_ENABLE_OBJC_ARC = YES;
				CLANG_ENABLE_OBJC_WEAK = YES;
				CLANG_WARN_BLOCK_CAPTURE_AUTORELEASING = YES;
				CLANG_WARN_BOOL_CONVERSION = YES;
				CLANG_WARN_COMMA = YES;
				CLANG_WARN_CONSTANT_CONVERSION = YES;
				CLANG_WARN_DEPRECATED_OBJC_IMPLEMENTATIONS = YES;
				CLANG_WARN_DIRECT_OBJC_ISA_USAGE = YES_ERROR;
				CLANG_WARN_DOCUMENTATION_COMMENTS = YES;
				CLANG_WARN_EMPTY_BODY = YES;
				CLANG_WARN_ENUM_CONVERSION = YES;
				CLANG_WARN_INFINITE_RECURSION = YES;
				CLANG_WARN_INT_CONVERSION = YES;
				CLANG_WARN_NON_LITERAL_NULL_CONVERSION = YES;
				CLANG_WARN_OBJC_IMPLICIT_RETAIN_SELF = YES;
				CLANG_WARN_OBJC_LITERAL_CONVERSION = YES;
				CLANG_WARN_OBJC_ROOT_CLASS = YES_ERROR;
				CLANG_WARN_QUOTED_INCLUDE_IN_FRAMEWORK_HEADER = YES;
				CLANG_WARN_RANGE_LOOP_ANALYSIS = YES;
				CLANG_WARN_STRICT_PROTOTYPES = YES;
				CLANG_WARN_SUSPICIOUS_MOVE = YES;
				CLANG_WARN_UNGUARDED_AVAILABILITY = YES_AGGRESSIVE;
				CLANG_WARN_UNREACHABLE_CODE = YES;
				CLANG_WARN__DUPLICATE_METHOD_MATCH = YES;
				COPY_PHASE_STRIP = NO;
				DEBUG_INFORMATION_FORMAT = "dwarf-with-dsym";
				ENABLE_NS_ASSERTIONS = NO;
				ENABLE_STRICT_OBJC_MSGSEND = YES;
				GCC_C_LANGUAGE_STANDARD = gnu11;
				GCC_NO_COMMON_BLOCKS = YES;
				GCC_WARN_64_TO_32_BIT_CONVERSION = YES;
				GCC_WARN_ABOUT_RETURN_TYPE = YES_ERROR;
				GCC_WARN_UNDECLARED_SELECTOR = YES;
				GCC_WARN_UNINITIALIZED_AUTOS = YES_AGGRESSIVE;
				GCC_WARN_UNUSED_FUNCTION = YES;
				GCC_WARN_UNUSED_VARIABLE = YES;
				IPHONEOS_DEPLOYMENT_TARGET = 14.5;
				MTL_ENABLE_DEBUG_INFO = NO;
				MTL_FAST_MATH = YES;
				SDKROOT = iphoneos;
				SWIFT_COMPILATION_MODE = wholemodule;
				SWIFT_OPTIMIZATION_LEVEL = "-O";
				VALIDATE_PRODUCT = YES;
			};
			name = Release;
		};
		4CC61F3A269119B50088B6F5 /* Debug */ = {
			isa = XCBuildConfiguration;
			buildSettings = {
				ASSETCATALOG_COMPILER_APPICON_NAME = AppIcon;
				ASSETCATALOG_COMPILER_GLOBAL_ACCENT_COLOR_NAME = AccentColor;
				CODE_SIGN_STYLE = Automatic;
				DEVELOPMENT_ASSET_PATHS = "\"Memorize/Preview Content\"";
				DEVELOPMENT_TEAM = FTGQC8D956;
				ENABLE_PREVIEWS = YES;
				INFOPLIST_FILE = Memorize/Info.plist;
				IPHONEOS_DEPLOYMENT_TARGET = 14.0;
				LD_RUNPATH_SEARCH_PATHS = (
					"$(inherited)",
					"@executable_path/Frameworks",
				);
				PRODUCT_BUNDLE_IDENTIFIER = com.ninthdevice.memorize.Memorize;
				PRODUCT_NAME = "$(TARGET_NAME)";
				SWIFT_VERSION = 5.0;
				TARGETED_DEVICE_FAMILY = "1,2";
			};
			name = Debug;
		};
		4CC61F3B269119B50088B6F5 /* Release */ = {
			isa = XCBuildConfiguration;
			buildSettings = {
				ASSETCATALOG_COMPILER_APPICON_NAME = AppIcon;
				ASSETCATALOG_COMPILER_GLOBAL_ACCENT_COLOR_NAME = AccentColor;
				CODE_SIGN_STYLE = Automatic;
				DEVELOPMENT_ASSET_PATHS = "\"Memorize/Preview Content\"";
				DEVELOPMENT_TEAM = FTGQC8D956;
				ENABLE_PREVIEWS = YES;
				INFOPLIST_FILE = Memorize/Info.plist;
				IPHONEOS_DEPLOYMENT_TARGET = 14.0;
				LD_RUNPATH_SEARCH_PATHS = (
					"$(inherited)",
					"@executable_path/Frameworks",
				);
				PRODUCT_BUNDLE_IDENTIFIER = com.ninthdevice.memorize.Memorize;
				PRODUCT_NAME = "$(TARGET_NAME)";
				SWIFT_VERSION = 5.0;
				TARGETED_DEVICE_FAMILY = "1,2";
			};
			name = Release;
		};
/* End XCBuildConfiguration section */

/* Begin XCConfigurationList section */
		4CC61F25269119B40088B6F5 /* Build configuration list for PBXProject "Memorize" */ = {
			isa = XCConfigurationList;
			buildConfigurations = (
				4CC61F37269119B50088B6F5 /* Debug */,
				4CC61F38269119B50088B6F5 /* Release */,
			);
			defaultConfigurationIsVisible = 0;
			defaultConfigurationName = Release;
		};
		4CC61F39269119B50088B6F5 /* Build configuration list for PBXNativeTarget "Memorize" */ = {
			isa = XCConfigurationList;
			buildConfigurations = (
				4CC61F3A269119B50088B6F5 /* Debug */,
				4CC61F3B269119B50088B6F5 /* Release */,
			);
			defaultConfigurationIsVisible = 0;
			defaultConfigurationName = Release;
		};
/* End XCConfigurationList section */
	};
	rootObject = 4CC61F22269119B40088B6F5 /* Project object */;
}
